
Microsoft Visual Studio Solution File, Format Version 12.00
# Visual Studio Version 17
VisualStudioVersion = 17.7.34018.315
MinimumVisualStudioVersion = 10.0.40219.1
Project("{FAE04EC0-301F-11D3-BF4B-00C04F79EFBC}") = "NLayer.Core", "NLayer.Core\NLayer.Core.csproj", "{AF71857A-36D5-4C40-B4DC-208A0A71DF24}"
EndProject
Project("{FAE04EC0-301F-11D3-BF4B-00C04F79EFBC}") = "NLayer.Repository", "NLayer.Repository\NLayer.Repository.csproj", "{CC868D7B-F53E-4896-A806-7D9C5670F736}"
EndProject
Project("{FAE04EC0-301F-11D3-BF4B-00C04F79EFBC}") = "NLayer.Service", "NLayer.Service\NLayer.Service.csproj", "{1651CBB9-1993-4143-A982-7B6EDF38FCC4}"
EndProject
Project("{FAE04EC0-301F-11D3-BF4B-00C04F79EFBC}") = "NLayer.API", "NLayer.API\NLayer.API.csproj", "{5134F6BA-497D-4F4F-B491-A695BABE6E5B}"
EndProject
Project("{FAE04EC0-301F-11D3-BF4B-00C04F79EFBC}") = "NLayer.Web", "NLayer.Web\NLayer.Web.csproj", "{C7110DD0-45A5-4604-9161-B784E62D6D13}"
EndProject
Project("{FAE04EC0-301F-11D3-BF4B-00C04F79EFBC}") = "NLayer.Cashing", "NLayer.Cashing\NLayer.Cashing.csproj", "{D9ACFA8B-2151-4AF6-BAF0-12389EA30A12}"
EndProject
Global
	GlobalSection(SolutionConfigurationPlatforms) = preSolution
		Debug|Any CPU = Debug|Any CPU
		Release|Any CPU = Release|Any CPU
	EndGlobalSection
	GlobalSection(ProjectConfigurationPlatforms) = postSolution
		{AF71857A-36D5-4C40-B4DC-208A0A71DF24}.Debug|Any CPU.ActiveCfg = Debug|Any CPU
		{AF71857A-36D5-4C40-B4DC-208A0A71DF24}.Debug|Any CPU.Build.0 = Debug|Any CPU
		{AF71857A-36D5-4C40-B4DC-208A0A71DF24}.Release|Any CPU.ActiveCfg = Release|Any CPU
		{AF71857A-36D5-4C40-B4DC-208A0A71DF24}.Release|Any CPU.Build.0 = Release|Any CPU
		{CC868D7B-F53E-4896-A806-7D9C5670F736}.Debug|Any CPU.ActiveCfg = Debug|Any CPU
		{CC868D7B-F53E-4896-A806-7D9C5670F736}.Debug|Any CPU.Build.0 = Debug|Any CPU
		{CC868D7B-F53E-4896-A806-7D9C5670F736}.Release|Any CPU.ActiveCfg = Release|Any CPU
		{CC868D7B-F53E-4896-A806-7D9C5670F736}.Release|Any CPU.Build.0 = Release|Any CPU
		{1651CBB9-1993-4143-A982-7B6EDF38FCC4}.Debug|Any CPU.ActiveCfg = Debug|Any CPU
		{1651CBB9-1993-4143-A982-7B6EDF38FCC4}.Debug|Any CPU.Build.0 = Debug|Any CPU
		{1651CBB9-1993-4143-A982-7B6EDF38FCC4}.Release|Any CPU.ActiveCfg = Release|Any CPU
		{1651CBB9-1993-4143-A982-7B6EDF38FCC4}.Release|Any CPU.Build.0 = Release|Any CPU
		{5134F6BA-497D-4F4F-B491-A695BABE6E5B}.Debug|Any CPU.ActiveCfg = Debug|Any CPU
		{5134F6BA-497D-4F4F-B491-A695BABE6E5B}.Debug|Any CPU.Build.0 = Debug|Any CPU
		{5134F6BA-497D-4F4F-B491-A695BABE6E5B}.Release|Any CPU.ActiveCfg = Release|Any CPU
		{5134F6BA-497D-4F4F-B491-A695BABE6E5B}.Release|Any CPU.Build.0 = Release|Any CPU
		{C7110DD0-45A5-4604-9161-B784E62D6D13}.Debug|Any CPU.ActiveCfg = Debug|Any CPU
		{C7110DD0-45A5-4604-9161-B784E62D6D13}.Debug|Any CPU.Build.0 = Debug|Any CPU
		{C7110DD0-45A5-4604-9161-B784E62D6D13}.Release|Any CPU.ActiveCfg = Release|Any CPU
		{C7110DD0-45A5-4604-9161-B784E62D6D13}.Release|Any CPU.Build.0 = Release|Any CPU
		{D9ACFA8B-2151-4AF6-BAF0-12389EA30A12}.Debug|Any CPU.ActiveCfg = Debug|Any CPU
		{D9ACFA8B-2151-4AF6-BAF0-12389EA30A12}.Debug|Any CPU.Build.0 = Debug|Any CPU
		{D9ACFA8B-2151-4AF6-BAF0-12389EA30A12}.Release|Any CPU.ActiveCfg = Release|Any CPU
		{D9ACFA8B-2151-4AF6-BAF0-12389EA30A12}.Release|Any CPU.Build.0 = Release|Any CPU
	EndGlobalSection
	GlobalSection(SolutionProperties) = preSolution
		HideSolutionNode = FALSE
	EndGlobalSection
	GlobalSection(ExtensibilityGlobals) = postSolution
		SolutionGuid = {A7955255-C936-417E-A0A3-0707EE93EA87}
	EndGlobalSection
EndGlobal
